
Microsoft Visual Studio Solution File, Format Version 12.00
# Visual Studio 14
VisualStudioVersion = 14.0.25420.1
MinimumVisualStudioVersion = 10.0.40219.1
Project("{FAE04EC0-301F-11D3-BF4B-00C04F79EFBC}") = "App.ImagePlugin", "App.ImagePlugin\App.ImagePlugin.csproj", "{B265D654-AE60-4DAC-A090-9F53AA10C769}"
EndProject
Project("{FAE04EC0-301F-11D3-BF4B-00C04F79EFBC}") = "App.Domain", "App.Domain\App.Domain.csproj", "{396FF6DF-0F55-4C8F-9B2F-233F439DA8F6}"
EndProject
Project("{FAE04EC0-301F-11D3-BF4B-00C04F79EFBC}") = "App.Utils", "App.Utils\App.Utils.csproj", "{4AA23151-AEC5-4942-AF34-A2E887F7A585}"
EndProject
Project("{FAE04EC0-301F-11D3-BF4B-00C04F79EFBC}") = "App.Framework", "App.Framework\App.Framework.csproj", "{D57A5702-7595-4360-A5E0-BDB36BBA8A25}"
EndProject
Project("{FAE04EC0-301F-11D3-BF4B-00C04F79EFBC}") = "App.FakeEntity", "App.FakeEntity\App.FakeEntity.csproj", "{2205E10F-F6DE-43C5-A39D-E9458639D0D5}"
EndProject
Project("{FAE04EC0-301F-11D3-BF4B-00C04F79EFBC}") = "App.Aplication", "App.Aplication\App.Aplication.csproj", "{4145F94E-D953-47DB-A33E-102B26692790}"
EndProject
Project("{FAE04EC0-301F-11D3-BF4B-00C04F79EFBC}") = "App.AsyncService", "App.AsyncService\App.AsyncService.csproj", "{DF0DF5FD-5E5A-4C60-A945-BCCC151F4A12}"
EndProject
Project("{FAE04EC0-301F-11D3-BF4B-00C04F79EFBC}") = "App.Core", "App.Core\App.Core.csproj", "{22EBD28A-55C0-4D91-AB94-3B75A40584DE}"
EndProject
Project("{FAE04EC0-301F-11D3-BF4B-00C04F79EFBC}") = "App.SeoSitemap", "App.SeoSitemap\App.SeoSitemap.csproj", "{5EF20CE9-62DD-482F-B970-DA5C41CBD816}"
EndProject
Project("{FAE04EC0-301F-11D3-BF4B-00C04F79EFBC}") = "App.FileUtil", "App.FileUtil\App.FileUtil.csproj", "{778565A6-C306-49C1-B793-51E50DB9D1B5}"
EndProject
Project("{FAE04EC0-301F-11D3-BF4B-00C04F79EFBC}") = "App.Infra.Data", "App.Infra.Data\App.Infra.Data.csproj", "{BADAAF5E-E078-4763-A4E9-6FE9076376F4}"
EndProject
Project("{FAE04EC0-301F-11D3-BF4B-00C04F79EFBC}") = "App.Infra.Data.Repository", "App.Infra.Data.Repository\App.Infra.Data.Repository.csproj", "{1F0CE22D-7EF3-41A2-96EF-A01B174AE14D}"
EndProject
Project("{FAE04EC0-301F-11D3-BF4B-00C04F79EFBC}") = "App.Infra.Data.RepositoryAsync", "App.Infra.Data.RepositoryAsync\App.Infra.Data.RepositoryAsync.csproj", "{8C72EC76-33A5-442B-B7C8-54F102D876AB}"
EndProject
Project("{FAE04EC0-301F-11D3-BF4B-00C04F79EFBC}") = "App.Service", "App.Service\App.Service.csproj", "{66967DF3-D493-4C60-ADE9-B3F616F83B8D}"
EndProject
Project("{FAE04EC0-301F-11D3-BF4B-00C04F79EFBC}") = "Resources", "Resources\Resources.csproj", "{17A1E462-F7A9-4729-82E0-D0674F125863}"
EndProject
Project("{FAE04EC0-301F-11D3-BF4B-00C04F79EFBC}") = "App.Admin", "App.Admin\App.Admin.csproj", "{86ECD127-2A71-4721-8974-41D980E8CE79}"
EndProject
Project("{FAE04EC0-301F-11D3-BF4B-00C04F79EFBC}") = "App.Front", "App.Front\App.Front\App.Front.csproj", "{5E90064C-835E-4AB5-970C-5BDA6B4438E3}"
EndProject
Project("{2150E333-8FDC-42A3-9474-1A3956D46DE8}") = "Library", "Library", "{F7AECC51-365F-4C54-9AE7-213C26BCA334}"
EndProject
Project("{2150E333-8FDC-42A3-9474-1A3956D46DE8}") = "Library.Core", "Library.Core", "{40C2E9C7-D616-408D-81FC-BC423727B98E}"
EndProject
Project("{2150E333-8FDC-42A3-9474-1A3956D46DE8}") = "Library.Model", "Library.Model", "{50FFEE10-24C3-43EA-9308-13D187A58E53}"
EndProject
Project("{2150E333-8FDC-42A3-9474-1A3956D46DE8}") = "Library.Service", "Library.Service", "{390EC137-FAAC-4CDD-9758-8CBA9A6E1A41}"
EndProject
Project("{2150E333-8FDC-42A3-9474-1A3956D46DE8}") = "Library.Application", "Library.Application", "{A2BD9447-8487-4AAF-A731-F627EDAA9D5E}"
EndProject
Project("{2150E333-8FDC-42A3-9474-1A3956D46DE8}") = "Tests", "Tests", "{7692C3F0-3DC1-4760-845F-4B85C46BBC3A}"
EndProject
Global
	GlobalSection(SolutionConfigurationPlatforms) = preSolution
		Debug|Any CPU = Debug|Any CPU
		Release|Any CPU = Release|Any CPU
	EndGlobalSection
	GlobalSection(ProjectConfigurationPlatforms) = postSolution
		{B265D654-AE60-4DAC-A090-9F53AA10C769}.Debug|Any CPU.ActiveCfg = Debug|Any CPU
		{B265D654-AE60-4DAC-A090-9F53AA10C769}.Debug|Any CPU.Build.0 = Debug|Any CPU
		{B265D654-AE60-4DAC-A090-9F53AA10C769}.Release|Any CPU.ActiveCfg = Release|Any CPU
		{B265D654-AE60-4DAC-A090-9F53AA10C769}.Release|Any CPU.Build.0 = Release|Any CPU
		{396FF6DF-0F55-4C8F-9B2F-233F439DA8F6}.Debug|Any CPU.ActiveCfg = Debug|Any CPU
		{396FF6DF-0F55-4C8F-9B2F-233F439DA8F6}.Debug|Any CPU.Build.0 = Debug|Any CPU
		{396FF6DF-0F55-4C8F-9B2F-233F439DA8F6}.Release|Any CPU.ActiveCfg = Release|Any CPU
		{396FF6DF-0F55-4C8F-9B2F-233F439DA8F6}.Release|Any CPU.Build.0 = Release|Any CPU
		{4AA23151-AEC5-4942-AF34-A2E887F7A585}.Debug|Any CPU.ActiveCfg = Debug|Any CPU
		{4AA23151-AEC5-4942-AF34-A2E887F7A585}.Debug|Any CPU.Build.0 = Debug|Any CPU
		{4AA23151-AEC5-4942-AF34-A2E887F7A585}.Release|Any CPU.ActiveCfg = Release|Any CPU
		{4AA23151-AEC5-4942-AF34-A2E887F7A585}.Release|Any CPU.Build.0 = Release|Any CPU
		{D57A5702-7595-4360-A5E0-BDB36BBA8A25}.Debug|Any CPU.ActiveCfg = Debug|Any CPU
		{D57A5702-7595-4360-A5E0-BDB36BBA8A25}.Debug|Any CPU.Build.0 = Debug|Any CPU
		{D57A5702-7595-4360-A5E0-BDB36BBA8A25}.Release|Any CPU.ActiveCfg = Release|Any CPU
		{D57A5702-7595-4360-A5E0-BDB36BBA8A25}.Release|Any CPU.Build.0 = Release|Any CPU
		{2205E10F-F6DE-43C5-A39D-E9458639D0D5}.Debug|Any CPU.ActiveCfg = Debug|Any CPU
		{2205E10F-F6DE-43C5-A39D-E9458639D0D5}.Debug|Any CPU.Build.0 = Debug|Any CPU
		{2205E10F-F6DE-43C5-A39D-E9458639D0D5}.Release|Any CPU.ActiveCfg = Release|Any CPU
		{2205E10F-F6DE-43C5-A39D-E9458639D0D5}.Release|Any CPU.Build.0 = Release|Any CPU
		{4145F94E-D953-47DB-A33E-102B26692790}.Debug|Any CPU.ActiveCfg = Debug|Any CPU
		{4145F94E-D953-47DB-A33E-102B26692790}.Debug|Any CPU.Build.0 = Debug|Any CPU
		{4145F94E-D953-47DB-A33E-102B26692790}.Release|Any CPU.ActiveCfg = Release|Any CPU
		{4145F94E-D953-47DB-A33E-102B26692790}.Release|Any CPU.Build.0 = Release|Any CPU
		{DF0DF5FD-5E5A-4C60-A945-BCCC151F4A12}.Debug|Any CPU.ActiveCfg = Debug|Any CPU
		{DF0DF5FD-5E5A-4C60-A945-BCCC151F4A12}.Debug|Any CPU.Build.0 = Debug|Any CPU
		{DF0DF5FD-5E5A-4C60-A945-BCCC151F4A12}.Release|Any CPU.ActiveCfg = Release|Any CPU
		{DF0DF5FD-5E5A-4C60-A945-BCCC151F4A12}.Release|Any CPU.Build.0 = Release|Any CPU
		{22EBD28A-55C0-4D91-AB94-3B75A40584DE}.Debug|Any CPU.ActiveCfg = Debug|Any CPU
		{22EBD28A-55C0-4D91-AB94-3B75A40584DE}.Debug|Any CPU.Build.0 = Debug|Any CPU
		{22EBD28A-55C0-4D91-AB94-3B75A40584DE}.Release|Any CPU.ActiveCfg = Release|Any CPU
		{22EBD28A-55C0-4D91-AB94-3B75A40584DE}.Release|Any CPU.Build.0 = Release|Any CPU
		{5EF20CE9-62DD-482F-B970-DA5C41CBD816}.Debug|Any CPU.ActiveCfg = Debug|Any CPU
		{5EF20CE9-62DD-482F-B970-DA5C41CBD816}.Debug|Any CPU.Build.0 = Debug|Any CPU
		{5EF20CE9-62DD-482F-B970-DA5C41CBD816}.Release|Any CPU.ActiveCfg = Release|Any CPU
		{5EF20CE9-62DD-482F-B970-DA5C41CBD816}.Release|Any CPU.Build.0 = Release|Any CPU
		{778565A6-C306-49C1-B793-51E50DB9D1B5}.Debug|Any CPU.ActiveCfg = Debug|Any CPU
		{778565A6-C306-49C1-B793-51E50DB9D1B5}.Debug|Any CPU.Build.0 = Debug|Any CPU
		{778565A6-C306-49C1-B793-51E50DB9D1B5}.Release|Any CPU.ActiveCfg = Release|Any CPU
		{778565A6-C306-49C1-B793-51E50DB9D1B5}.Release|Any CPU.Build.0 = Release|Any CPU
		{BADAAF5E-E078-4763-A4E9-6FE9076376F4}.Debug|Any CPU.ActiveCfg = Debug|Any CPU
		{BADAAF5E-E078-4763-A4E9-6FE9076376F4}.Debug|Any CPU.Build.0 = Debug|Any CPU
		{BADAAF5E-E078-4763-A4E9-6FE9076376F4}.Release|Any CPU.ActiveCfg = Release|Any CPU
		{BADAAF5E-E078-4763-A4E9-6FE9076376F4}.Release|Any CPU.Build.0 = Release|Any CPU
		{1F0CE22D-7EF3-41A2-96EF-A01B174AE14D}.Debug|Any CPU.ActiveCfg = Debug|Any CPU
		{1F0CE22D-7EF3-41A2-96EF-A01B174AE14D}.Debug|Any CPU.Build.0 = Debug|Any CPU
		{1F0CE22D-7EF3-41A2-96EF-A01B174AE14D}.Release|Any CPU.ActiveCfg = Release|Any CPU
		{1F0CE22D-7EF3-41A2-96EF-A01B174AE14D}.Release|Any CPU.Build.0 = Release|Any CPU
		{8C72EC76-33A5-442B-B7C8-54F102D876AB}.Debug|Any CPU.ActiveCfg = Debug|Any CPU
		{8C72EC76-33A5-442B-B7C8-54F102D876AB}.Debug|Any CPU.Build.0 = Debug|Any CPU
		{8C72EC76-33A5-442B-B7C8-54F102D876AB}.Release|Any CPU.ActiveCfg = Release|Any CPU
		{8C72EC76-33A5-442B-B7C8-54F102D876AB}.Release|Any CPU.Build.0 = Release|Any CPU
		{66967DF3-D493-4C60-ADE9-B3F616F83B8D}.Debug|Any CPU.ActiveCfg = Debug|Any CPU
		{66967DF3-D493-4C60-ADE9-B3F616F83B8D}.Debug|Any CPU.Build.0 = Debug|Any CPU
		{66967DF3-D493-4C60-ADE9-B3F616F83B8D}.Release|Any CPU.ActiveCfg = Release|Any CPU
		{66967DF3-D493-4C60-ADE9-B3F616F83B8D}.Release|Any CPU.Build.0 = Release|Any CPU
		{17A1E462-F7A9-4729-82E0-D0674F125863}.Debug|Any CPU.ActiveCfg = Debug|Any CPU
		{17A1E462-F7A9-4729-82E0-D0674F125863}.Debug|Any CPU.Build.0 = Debug|Any CPU
		{17A1E462-F7A9-4729-82E0-D0674F125863}.Release|Any CPU.ActiveCfg = Release|Any CPU
		{17A1E462-F7A9-4729-82E0-D0674F125863}.Release|Any CPU.Build.0 = Release|Any CPU
		{86ECD127-2A71-4721-8974-41D980E8CE79}.Debug|Any CPU.ActiveCfg = Debug|Any CPU
		{86ECD127-2A71-4721-8974-41D980E8CE79}.Debug|Any CPU.Build.0 = Debug|Any CPU
		{86ECD127-2A71-4721-8974-41D980E8CE79}.Release|Any CPU.ActiveCfg = Release|Any CPU
		{86ECD127-2A71-4721-8974-41D980E8CE79}.Release|Any CPU.Build.0 = Release|Any CPU
		{5E90064C-835E-4AB5-970C-5BDA6B4438E3}.Debug|Any CPU.ActiveCfg = Debug|Any CPU
		{5E90064C-835E-4AB5-970C-5BDA6B4438E3}.Debug|Any CPU.Build.0 = Debug|Any CPU
		{5E90064C-835E-4AB5-970C-5BDA6B4438E3}.Release|Any CPU.ActiveCfg = Release|Any CPU
		{5E90064C-835E-4AB5-970C-5BDA6B4438E3}.Release|Any CPU.Build.0 = Release|Any CPU
	EndGlobalSection
	GlobalSection(SolutionProperties) = preSolution
		HideSolutionNode = FALSE
	EndGlobalSection
	GlobalSection(NestedProjects) = preSolution
		{B265D654-AE60-4DAC-A090-9F53AA10C769} = {A2BD9447-8487-4AAF-A731-F627EDAA9D5E}
		{396FF6DF-0F55-4C8F-9B2F-233F439DA8F6} = {50FFEE10-24C3-43EA-9308-13D187A58E53}
		{4AA23151-AEC5-4942-AF34-A2E887F7A585} = {A2BD9447-8487-4AAF-A731-F627EDAA9D5E}
		{D57A5702-7595-4360-A5E0-BDB36BBA8A25} = {40C2E9C7-D616-408D-81FC-BC423727B98E}
		{2205E10F-F6DE-43C5-A39D-E9458639D0D5} = {50FFEE10-24C3-43EA-9308-13D187A58E53}
		{4145F94E-D953-47DB-A33E-102B26692790} = {A2BD9447-8487-4AAF-A731-F627EDAA9D5E}
		{DF0DF5FD-5E5A-4C60-A945-BCCC151F4A12} = {390EC137-FAAC-4CDD-9758-8CBA9A6E1A41}
		{22EBD28A-55C0-4D91-AB94-3B75A40584DE} = {40C2E9C7-D616-408D-81FC-BC423727B98E}
		{5EF20CE9-62DD-482F-B970-DA5C41CBD816} = {A2BD9447-8487-4AAF-A731-F627EDAA9D5E}
		{778565A6-C306-49C1-B793-51E50DB9D1B5} = {A2BD9447-8487-4AAF-A731-F627EDAA9D5E}
		{BADAAF5E-E078-4763-A4E9-6FE9076376F4} = {50FFEE10-24C3-43EA-9308-13D187A58E53}
		{1F0CE22D-7EF3-41A2-96EF-A01B174AE14D} = {50FFEE10-24C3-43EA-9308-13D187A58E53}
		{8C72EC76-33A5-442B-B7C8-54F102D876AB} = {50FFEE10-24C3-43EA-9308-13D187A58E53}
		{66967DF3-D493-4C60-ADE9-B3F616F83B8D} = {390EC137-FAAC-4CDD-9758-8CBA9A6E1A41}
		{17A1E462-F7A9-4729-82E0-D0674F125863} = {A2BD9447-8487-4AAF-A731-F627EDAA9D5E}
		{40C2E9C7-D616-408D-81FC-BC423727B98E} = {F7AECC51-365F-4C54-9AE7-213C26BCA334}
		{50FFEE10-24C3-43EA-9308-13D187A58E53} = {F7AECC51-365F-4C54-9AE7-213C26BCA334}
		{390EC137-FAAC-4CDD-9758-8CBA9A6E1A41} = {F7AECC51-365F-4C54-9AE7-213C26BCA334}
		{A2BD9447-8487-4AAF-A731-F627EDAA9D5E} = {F7AECC51-365F-4C54-9AE7-213C26BCA334}
	EndGlobalSection
EndGlobal
