
Microsoft Visual Studio Solution File, Format Version 12.00
# Visual Studio 14
VisualStudioVersion = 14.0.25420.1
MinimumVisualStudioVersion = 10.0.40219.1
Project("{FAE04EC0-301F-11D3-BF4B-00C04F79EFBC}") = "App.ImagePlugin", "App.ImagePlugin\App.ImagePlugin.csproj", "{B265D654-AE60-4DAC-A090-9F53AA10C769}"
EndProject
Project("{FAE04EC0-301F-11D3-BF4B-00C04F79EFBC}") = "App.Domain", "App.Domain\App.Domain.csproj", "{396FF6DF-0F55-4C8F-9B2F-233F439DA8F6}"
EndProject
Project("{FAE04EC0-301F-11D3-BF4B-00C04F79EFBC}") = "App.Utils", "App.Utils\App.Utils.csproj", "{4AA23151-AEC5-4942-AF34-A2E887F7A585}"
EndProject
Project("{FAE04EC0-301F-11D3-BF4B-00C04F79EFBC}") = "App.Framework", "App.Framework\App.Framework.csproj", "{D57A5702-7595-4360-A5E0-BDB36BBA8A25}"
EndProject
Project("{FAE04EC0-301F-11D3-BF4B-00C04F79EFBC}") = "App.FakeEntity", "App.FakeEntity\App.FakeEntity.csproj", "{2205E10F-F6DE-43C5-A39D-E9458639D0D5}"
EndProject
Project("{FAE04EC0-301F-11D3-BF4B-00C04F79EFBC}") = "App.Aplication", "App.Aplication\App.Aplication.csproj", "{4145F94E-D953-47DB-A33E-102B26692790}"
EndProject
Project("{FAE04EC0-301F-11D3-BF4B-00C04F79EFBC}") = "App.AsyncService", "App.AsyncService\App.AsyncService.csproj", "{DF0DF5FD-5E5A-4C60-A945-BCCC151F4A12}"
EndProject
Project("{FAE04EC0-301F-11D3-BF4B-00C04F79EFBC}") = "App.Core", "App.Core\App.Core.csproj", "{22EBD28A-55C0-4D91-AB94-3B75A40584DE}"
EndProject
Project("{FAE04EC0-301F-11D3-BF4B-00C04F79EFBC}") = "App.SeoSitemap", "App.SeoSitemap\App.SeoSitemap.csproj", "{5EF20CE9-62DD-482F-B970-DA5C41CBD816}"
EndProject
Project("{FAE04EC0-301F-11D3-BF4B-00C04F79EFBC}") = "App.FileUtil", "App.FileUtil\App.FileUtil.csproj", "{778565A6-C306-49C1-B793-51E50DB9D1B5}"
EndProject
Project("{FAE04EC0-301F-11D3-BF4B-00C04F79EFBC}") = "App.Infra.Data", "App.Infra.Data\App.Infra.Data.csproj", "{BADAAF5E-E078-4763-A4E9-6FE9076376F4}"
EndProject
Project("{FAE04EC0-301F-11D3-BF4B-00C04F79EFBC}") = "App.Infra.Data.Repository", "App.Infra.Data.Repository\App.Infra.Data.Repository.csproj", "{1F0CE22D-7EF3-41A2-96EF-A01B174AE14D}"
EndProject
Project("{FAE04EC0-301F-11D3-BF4B-00C04F79EFBC}") = "App.Infra.Data.RepositoryAsync", "App.Infra.Data.RepositoryAsync\App.Infra.Data.RepositoryAsync.csproj", "{8C72EC76-33A5-442B-B7C8-54F102D876AB}"
EndProject
Project("{FAE04EC0-301F-11D3-BF4B-00C04F79EFBC}") = "App.Service", "App.Service\App.Service.csproj", "{66967DF3-D493-4C60-ADE9-B3F616F83B8D}"
EndProject
Project("{FAE04EC0-301F-11D3-BF4B-00C04F79EFBC}") = "Resources", "Resources\Resources.csproj", "{17A1E462-F7A9-4729-82E0-D0674F125863}"
EndProject
Project("{FAE04EC0-301F-11D3-BF4B-00C04F79EFBC}") = "App.Admin", "App.Admin\App.Admin.csproj", "{86ECD127-2A71-4721-8974-41D980E8CE79}"
EndProject
Project("{FAE04EC0-301F-11D3-BF4B-00C04F79EFBC}") = "App.Front", "App.Front\App.Front\App.Front.csproj", "{5E90064C-835E-4AB5-970C-5BDA6B4438E3}"
EndProject
Global
	GlobalSection(SolutionConfigurationPlatforms) = preSolution
		Debug|Any CPU = Debug|Any CPU
		Release|Any CPU = Release|Any CPU
	EndGlobalSection
	GlobalSection(ProjectConfigurationPlatforms) = postSolution
		{B265D654-AE60-4DAC-A090-9F53AA10C769}.Debug|Any CPU.ActiveCfg = Debug|Any CPU
		{B265D654-AE60-4DAC-A090-9F53AA10C769}.Debug|Any CPU.Build.0 = Debug|Any CPU
		{B265D654-AE60-4DAC-A090-9F53AA10C769}.Release|Any CPU.ActiveCfg = Release|Any CPU
		{B265D654-AE60-4DAC-A090-9F53AA10C769}.Release|Any CPU.Build.0 = Release|Any CPU
		{396FF6DF-0F55-4C8F-9B2F-233F439DA8F6}.Debug|Any CPU.ActiveCfg = Debug|Any CPU
		{396FF6DF-0F55-4C8F-9B2F-233F439DA8F6}.Debug|Any CPU.Build.0 = Debug|Any CPU
		{396FF6DF-0F55-4C8F-9B2F-233F439DA8F6}.Release|Any CPU.ActiveCfg = Release|Any CPU
		{396FF6DF-0F55-4C8F-9B2F-233F439DA8F6}.Release|Any CPU.Build.0 = Release|Any CPU
		{4AA23151-AEC5-4942-AF34-A2E887F7A585}.Debug|Any CPU.ActiveCfg = Debug|Any CPU
		{4AA23151-AEC5-4942-AF34-A2E887F7A585}.Debug|Any CPU.Build.0 = Debug|Any CPU
		{4AA23151-AEC5-4942-AF34-A2E887F7A585}.Release|Any CPU.ActiveCfg = Release|Any CPU
		{4AA23151-AEC5-4942-AF34-A2E887F7A585}.Release|Any CPU.Build.0 = Release|Any CPU
		{D57A5702-7595-4360-A5E0-BDB36BBA8A25}.Debug|Any CPU.ActiveCfg = Debug|Any CPU
		{D57A5702-7595-4360-A5E0-BDB36BBA8A25}.Debug|Any CPU.Build.0 = Debug|Any CPU
		{D57A5702-7595-4360-A5E0-BDB36BBA8A25}.Release|Any CPU.ActiveCfg = Release|Any CPU
		{D57A5702-7595-4360-A5E0-BDB36BBA8A25}.Release|Any CPU.Build.0 = Release|Any CPU
		{2205E10F-F6DE-43C5-A39D-E9458639D0D5}.Debug|Any CPU.ActiveCfg = Debug|Any CPU
		{2205E10F-F6DE-43C5-A39D-E9458639D0D5}.Debug|Any CPU.Build.0 = Debug|Any CPU
		{2205E10F-F6DE-43C5-A39D-E9458639D0D5}.Release|Any CPU.ActiveCfg = Release|Any CPU
		{2205E10F-F6DE-43C5-A39D-E9458639D0D5}.Release|Any CPU.Build.0 = Release|Any CPU
		{4145F94E-D953-47DB-A33E-102B26692790}.Debug|Any CPU.ActiveCfg = Debug|Any CPU
		{4145F94E-D953-47DB-A33E-102B26692790}.Debug|Any CPU.Build.0 = Debug|Any CPU
		{4145F94E-D953-47DB-A33E-102B26692790}.Release|Any CPU.ActiveCfg = Release|Any CPU
		{4145F94E-D953-47DB-A33E-102B26692790}.Release|Any CPU.Build.0 = Release|Any CPU
		{DF0DF5FD-5E5A-4C60-A945-BCCC151F4A12}.Debug|Any CPU.ActiveCfg = Debug|Any CPU
		{DF0DF5FD-5E5A-4C60-A945-BCCC151F4A12}.Debug|Any CPU.Build.0 = Debug|Any CPU
		{DF0DF5FD-5E5A-4C60-A945-BCCC151F4A12}.Release|Any CPU.ActiveCfg = Release|Any CPU
		{DF0DF5FD-5E5A-4C60-A945-BCCC151F4A12}.Release|Any CPU.Build.0 = Release|Any CPU
		{22EBD28A-55C0-4D91-AB94-3B75A40584DE}.Debug|Any CPU.ActiveCfg = Debug|Any CPU
		{22EBD28A-55C0-4D91-AB94-3B75A40584DE}.Debug|Any CPU.Build.0 = Debug|Any CPU
		{22EBD28A-55C0-4D91-AB94-3B75A40584DE}.Release|Any CPU.ActiveCfg = Release|Any CPU
		{22EBD28A-55C0-4D91-AB94-3B75A40584DE}.Release|Any CPU.Build.0 = Release|Any CPU
		{5EF20CE9-62DD-482F-B970-DA5C41CBD816}.Debug|Any CPU.ActiveCfg = Debug|Any CPU
		{5EF20CE9-62DD-482F-B970-DA5C41CBD816}.Debug|Any CPU.Build.0 = Debug|Any CPU
		{5EF20CE9-62DD-482F-B970-DA5C41CBD816}.Release|Any CPU.ActiveCfg = Release|Any CPU
		{5EF20CE9-62DD-482F-B970-DA5C41CBD816}.Release|Any CPU.Build.0 = Release|Any CPU
		{778565A6-C306-49C1-B793-51E50DB9D1B5}.Debug|Any CPU.ActiveCfg = Debug|Any CPU
		{778565A6-C306-49C1-B793-51E50DB9D1B5}.Debug|Any CPU.Build.0 = Debug|Any CPU
		{778565A6-C306-49C1-B793-51E50DB9D1B5}.Release|Any CPU.ActiveCfg = Release|Any CPU
		{778565A6-C306-49C1-B793-51E50DB9D1B5}.Release|Any CPU.Build.0 = Release|Any CPU
		{BADAAF5E-E078-4763-A4E9-6FE9076376F4}.Debug|Any CPU.ActiveCfg = Debug|Any CPU
		{BADAAF5E-E078-4763-A4E9-6FE9076376F4}.Debug|Any CPU.Build.0 = Debug|Any CPU
		{BADAAF5E-E078-4763-A4E9-6FE9076376F4}.Release|Any CPU.ActiveCfg = Release|Any CPU
		{BADAAF5E-E078-4763-A4E9-6FE9076376F4}.Release|Any CPU.Build.0 = Release|Any CPU
		{1F0CE22D-7EF3-41A2-96EF-A01B174AE14D}.Debug|Any CPU.ActiveCfg = Debug|Any CPU
		{1F0CE22D-7EF3-41A2-96EF-A01B174AE14D}.Debug|Any CPU.Build.0 = Debug|Any CPU
		{1F0CE22D-7EF3-41A2-96EF-A01B174AE14D}.Release|Any CPU.ActiveCfg = Release|Any CPU
		{1F0CE22D-7EF3-41A2-96EF-A01B174AE14D}.Release|Any CPU.Build.0 = Release|Any CPU
		{8C72EC76-33A5-442B-B7C8-54F102D876AB}.Debug|Any CPU.ActiveCfg = Debug|Any CPU
		{8C72EC76-33A5-442B-B7C8-54F102D876AB}.Debug|Any CPU.Build.0 = Debug|Any CPU
		{8C72EC76-33A5-442B-B7C8-54F102D876AB}.Release|Any CPU.ActiveCfg = Release|Any CPU
		{8C72EC76-33A5-442B-B7C8-54F102D876AB}.Release|Any CPU.Build.0 = Release|Any CPU
		{66967DF3-D493-4C60-ADE9-B3F616F83B8D}.Debug|Any CPU.ActiveCfg = Debug|Any CPU
		{66967DF3-D493-4C60-ADE9-B3F616F83B8D}.Debug|Any CPU.Build.0 = Debug|Any CPU
		{66967DF3-D493-4C60-ADE9-B3F616F83B8D}.Release|Any CPU.ActiveCfg = Release|Any CPU
		{66967DF3-D493-4C60-ADE9-B3F616F83B8D}.Release|Any CPU.Build.0 = Release|Any CPU
		{17A1E462-F7A9-4729-82E0-D0674F125863}.Debug|Any CPU.ActiveCfg = Debug|Any CPU
		{17A1E462-F7A9-4729-82E0-D0674F125863}.Debug|Any CPU.Build.0 = Debug|Any CPU
		{17A1E462-F7A9-4729-82E0-D0674F125863}.Release|Any CPU.ActiveCfg = Release|Any CPU
		{17A1E462-F7A9-4729-82E0-D0674F125863}.Release|Any CPU.Build.0 = Release|Any CPU
		{86ECD127-2A71-4721-8974-41D980E8CE79}.Debug|Any CPU.ActiveCfg = Debug|Any CPU
		{86ECD127-2A71-4721-8974-41D980E8CE79}.Debug|Any CPU.Build.0 = Debug|Any CPU
		{86ECD127-2A71-4721-8974-41D980E8CE79}.Release|Any CPU.ActiveCfg = Release|Any CPU
		{86ECD127-2A71-4721-8974-41D980E8CE79}.Release|Any CPU.Build.0 = Release|Any CPU
		{5E90064C-835E-4AB5-970C-5BDA6B4438E3}.Debug|Any CPU.ActiveCfg = Debug|Any CPU
		{5E90064C-835E-4AB5-970C-5BDA6B4438E3}.Debug|Any CPU.Build.0 = Debug|Any CPU
		{5E90064C-835E-4AB5-970C-5BDA6B4438E3}.Release|Any CPU.ActiveCfg = Release|Any CPU
		{5E90064C-835E-4AB5-970C-5BDA6B4438E3}.Release|Any CPU.Build.0 = Release|Any CPU
	EndGlobalSection
	GlobalSection(SolutionProperties) = preSolution
		HideSolutionNode = FALSE
	EndGlobalSection
	GlobalSection(TeamFoundationVersionControl) = preSolution
		SccNumberOfProjects = 18
		SccEnterpriseProvider = {4CA58AB2-18FA-4F8D-95D4-32DDF27D184C}
		SccTeamFoundationServer = https://congtt.visualstudio.com/
		SccLocalPath0 = .
		SccProjectUniqueName1 = App.Admin\\App.Admin.csproj
		SccProjectName1 = App.Admin
		SccLocalPath1 = App.Admin
		SccProjectUniqueName2 = App.Aplication\\App.Aplication.csproj
		SccProjectName2 = App.Aplication
		SccLocalPath2 = App.Aplication
		SccProjectUniqueName3 = App.AsyncService\\App.AsyncService.csproj
		SccProjectName3 = App.AsyncService
		SccLocalPath3 = App.AsyncService
		SccProjectUniqueName4 = App.Core\\App.Core.csproj
		SccProjectName4 = App.Core
		SccLocalPath4 = App.Core
		SccProjectUniqueName5 = App.Domain\\App.Domain.csproj
		SccProjectName5 = App.Domain
		SccLocalPath5 = App.Domain
		SccProjectUniqueName6 = App.FakeEntity\\App.FakeEntity.csproj
		SccProjectName6 = App.FakeEntity
		SccLocalPath6 = App.FakeEntity
		SccProjectUniqueName7 = App.FileUtil\\App.FileUtil.csproj
		SccProjectName7 = App.FileUtil
		SccLocalPath7 = App.FileUtil
		SccProjectUniqueName8 = App.Framework\\App.Framework.csproj
		SccProjectName8 = App.Framework
		SccLocalPath8 = App.Framework
		SccProjectUniqueName9 = App.Front\\App.Front\\App.Front.csproj
		SccProjectName9 = App.Front/App.Front
		SccLocalPath9 = App.Front\\App.Front
		SccProjectUniqueName10 = App.ImagePlugin\\App.ImagePlugin.csproj
		SccProjectName10 = App.ImagePlugin
		SccLocalPath10 = App.ImagePlugin
		SccProjectUniqueName11 = App.Infra.Data.Repository\\App.Infra.Data.Repository.csproj
		SccProjectName11 = App.Infra.Data.Repository
		SccLocalPath11 = App.Infra.Data.Repository
		SccProjectUniqueName12 = App.Infra.Data.RepositoryAsync\\App.Infra.Data.RepositoryAsync.csproj
		SccProjectName12 = App.Infra.Data.RepositoryAsync
		SccLocalPath12 = App.Infra.Data.RepositoryAsync
		SccProjectUniqueName13 = App.Infra.Data\\App.Infra.Data.csproj
		SccProjectName13 = App.Infra.Data
		SccLocalPath13 = App.Infra.Data
		SccProjectUniqueName14 = App.SeoSitemap\\App.SeoSitemap.csproj
		SccProjectName14 = App.SeoSitemap
		SccLocalPath14 = App.SeoSitemap
		SccProjectUniqueName15 = App.Service\\App.Service.csproj
		SccProjectName15 = App.Service
		SccLocalPath15 = App.Service
		SccProjectUniqueName16 = App.Utils\\App.Utils.csproj
		SccProjectName16 = App.Utils
		SccLocalPath16 = App.Utils
		SccProjectUniqueName17 = Resources\\Resources.csproj
		SccProjectName17 = Resources
		SccLocalPath17 = Resources
	EndGlobalSection
EndGlobal
